
Microsoft Visual Studio Solution File, Format Version 12.00
# Visual Studio Version 17
VisualStudioVersion = 17.0.31903.59
MinimumVisualStudioVersion = 10.0.40219.1
Project("{2150E333-8FDC-42A3-9474-1A3956D46DE8}") = "src", "src", "{24FC0906-272C-48D9-94D8-612E88031D6C}"
EndProject
Project("{FAE04EC0-301F-11D3-BF4B-00C04F79EFBC}") = "AuctionService", "src\AuctionService\AuctionService.csproj", "{424160C5-4CD7-47DE-A326-E77464645DCC}"
EndProject
Global
	GlobalSection(SolutionConfigurationPlatforms) = preSolution
		Debug|Any CPU = Debug|Any CPU
		Release|Any CPU = Release|Any CPU
	EndGlobalSection
	GlobalSection(SolutionProperties) = preSolution
		HideSolutionNode = FALSE
	EndGlobalSection
	GlobalSection(ProjectConfigurationPlatforms) = postSolution
		{424160C5-4CD7-47DE-A326-E77464645DCC}.Debug|Any CPU.ActiveCfg = Debug|Any CPU
		{424160C5-4CD7-47DE-A326-E77464645DCC}.Debug|Any CPU.Build.0 = Debug|Any CPU
		{424160C5-4CD7-47DE-A326-E77464645DCC}.Release|Any CPU.ActiveCfg = Release|Any CPU
		{424160C5-4CD7-47DE-A326-E77464645DCC}.Release|Any CPU.Build.0 = Release|Any CPU
	EndGlobalSection
	GlobalSection(NestedProjects) = preSolution
		{424160C5-4CD7-47DE-A326-E77464645DCC} = {24FC0906-272C-48D9-94D8-612E88031D6C}
	EndGlobalSection
EndGlobal
